
Microsoft Visual Studio Solution File, Format Version 12.00
# Visual Studio Version 17
VisualStudioVersion = 17.4.33403.182
MinimumVisualStudioVersion = 10.0.40219.1
Project("{FAE04EC0-301F-11D3-BF4B-00C04F79EFBC}") = "FagMiles", "FagMiles.csproj", "{6C6E5BA9-3CFE-4C95-A425-B0EF1AAC5967}"
EndProject
Global
	GlobalSection(SolutionConfigurationPlatforms) = preSolution
		Debug|Any CPU = Debug|Any CPU
		Release|Any CPU = Release|Any CPU
	EndGlobalSection
	GlobalSection(ProjectConfigurationPlatforms) = postSolution
		{6C6E5BA9-3CFE-4C95-A425-B0EF1AAC5967}.Debug|Any CPU.ActiveCfg = Debug|Any CPU
		{6C6E5BA9-3CFE-4C95-A425-B0EF1AAC5967}.Debug|Any CPU.Build.0 = Debug|Any CPU
		{6C6E5BA9-3CFE-4C95-A425-B0EF1AAC5967}.Release|Any CPU.ActiveCfg = Release|Any CPU
		{6C6E5BA9-3CFE-4C95-A425-B0EF1AAC5967}.Release|Any CPU.Build.0 = Release|Any CPU
	EndGlobalSection
	GlobalSection(SolutionProperties) = preSolution
		HideSolutionNode = FALSE
	EndGlobalSection
	GlobalSection(ExtensibilityGlobals) = postSolution
		SolutionGuid = {53D860E8-C35F-4F7D-995B-2D4E422B20C0}
	EndGlobalSection
EndGlobal
